
Microsoft Visual Studio Solution File, Format Version 12.00
# Visual Studio Version 17
VisualStudioVersion = 17.6.33815.320
MinimumVisualStudioVersion = 10.0.40219.1
Project("{FAE04EC0-301F-11D3-BF4B-00C04F79EFBC}") = "Memphis.API", "Memphis.API\Memphis.API.csproj", "{A5761170-01F1-485C-A75B-5C13DC91EC44}"
EndProject
Project("{FAE04EC0-301F-11D3-BF4B-00C04F79EFBC}") = "Memphis.Shared", "Memphis.Shared\Memphis.Shared.csproj", "{99F14527-6FBB-4C96-95CF-F4BF70BF3701}"
EndProject
Project("{2150E333-8FDC-42A3-9474-1A3956D46DE8}") = "Jobs", "Jobs", "{33F21DFD-0598-4CB5-B439-DE7C59E5AA63}"
EndProject
Global
	GlobalSection(SolutionConfigurationPlatforms) = preSolution
		Debug|Any CPU = Debug|Any CPU
		Release|Any CPU = Release|Any CPU
	EndGlobalSection
	GlobalSection(ProjectConfigurationPlatforms) = postSolution
		{A5761170-01F1-485C-A75B-5C13DC91EC44}.Debug|Any CPU.ActiveCfg = Debug|Any CPU
		{A5761170-01F1-485C-A75B-5C13DC91EC44}.Debug|Any CPU.Build.0 = Debug|Any CPU
		{A5761170-01F1-485C-A75B-5C13DC91EC44}.Release|Any CPU.ActiveCfg = Release|Any CPU
		{A5761170-01F1-485C-A75B-5C13DC91EC44}.Release|Any CPU.Build.0 = Release|Any CPU
		{99F14527-6FBB-4C96-95CF-F4BF70BF3701}.Debug|Any CPU.ActiveCfg = Debug|Any CPU
		{99F14527-6FBB-4C96-95CF-F4BF70BF3701}.Debug|Any CPU.Build.0 = Debug|Any CPU
		{99F14527-6FBB-4C96-95CF-F4BF70BF3701}.Release|Any CPU.ActiveCfg = Release|Any CPU
		{99F14527-6FBB-4C96-95CF-F4BF70BF3701}.Release|Any CPU.Build.0 = Release|Any CPU
	EndGlobalSection
	GlobalSection(SolutionProperties) = preSolution
		HideSolutionNode = FALSE
	EndGlobalSection
	GlobalSection(ExtensibilityGlobals) = postSolution
		SolutionGuid = {C4AE31B6-F2A4-48C3-9AE6-E766F8EDBD1F}
	EndGlobalSection
EndGlobal
